
Microsoft Visual Studio Solution File, Format Version 12.00
# Visual Studio Version 16
VisualStudioVersion = 16.0.31410.357
MinimumVisualStudioVersion = 10.0.40219.1
Project("{FAE04EC0-301F-11D3-BF4B-00C04F79EFBC}") = "Main", "Main\Main.csproj", "{35DF2F5A-4FCD-45F4-81C9-C0B80AB5AC38}"
EndProject
Project("{FAE04EC0-301F-11D3-BF4B-00C04F79EFBC}") = "SD_DB", "SD_DB\SD_DB.csproj", "{6616073E-3BDC-42F0-BF1B-0FF7C0F72231}"
EndProject
Global
	GlobalSection(SolutionConfigurationPlatforms) = preSolution
		Debug|Any CPU = Debug|Any CPU
		Release|Any CPU = Release|Any CPU
	EndGlobalSection
	GlobalSection(ProjectConfigurationPlatforms) = postSolution
		{35DF2F5A-4FCD-45F4-81C9-C0B80AB5AC38}.Debug|Any CPU.ActiveCfg = Debug|Any CPU
		{35DF2F5A-4FCD-45F4-81C9-C0B80AB5AC38}.Debug|Any CPU.Build.0 = Debug|Any CPU
		{35DF2F5A-4FCD-45F4-81C9-C0B80AB5AC38}.Release|Any CPU.ActiveCfg = Release|Any CPU
		{35DF2F5A-4FCD-45F4-81C9-C0B80AB5AC38}.Release|Any CPU.Build.0 = Release|Any CPU
		{6616073E-3BDC-42F0-BF1B-0FF7C0F72231}.Debug|Any CPU.ActiveCfg = Debug|Any CPU
		{6616073E-3BDC-42F0-BF1B-0FF7C0F72231}.Debug|Any CPU.Build.0 = Debug|Any CPU
		{6616073E-3BDC-42F0-BF1B-0FF7C0F72231}.Release|Any CPU.ActiveCfg = Release|Any CPU
		{6616073E-3BDC-42F0-BF1B-0FF7C0F72231}.Release|Any CPU.Build.0 = Release|Any CPU
	EndGlobalSection
	GlobalSection(SolutionProperties) = preSolution
		HideSolutionNode = FALSE
	EndGlobalSection
	GlobalSection(ExtensibilityGlobals) = postSolution
		SolutionGuid = {87B60D22-989F-4431-A637-B1A7E2B8FA1C}
	EndGlobalSection
EndGlobal
